// !$*UTF8*$!
{
	archiveVersion = 1;
	classes = {
	};
	objectVersion = 56;
	objects = {

/* Begin PBXBuildFile section */
		410B4A8F2C936F06002D9E20 /* PublicVarsClass.swift in Sources */ = {isa = PBXBuildFile; fileRef = 410B4A8E2C936F06002D9E20 /* PublicVarsClass.swift */; };
		410B4A932C93A076002D9E20 /* all.swift in Sources */ = {isa = PBXBuildFile; fileRef = 410B4A922C93A076002D9E20 /* all.swift */; };
		410B4A952C93A090002D9E20 /* UIs.swift in Sources */ = {isa = PBXBuildFile; fileRef = 410B4A942C93A090002D9E20 /* UIs.swift */; };
		410B4A972C942B85002D9E20 /* Functions.swift in Sources */ = {isa = PBXBuildFile; fileRef = 410B4A962C942B85002D9E20 /* Functions.swift */; };
		41FD81162C92F05E004B4DAA /* DiabetesApp.swift in Sources */ = {isa = PBXBuildFile; fileRef = 41FD81152C92F05E004B4DAA /* DiabetesApp.swift */; };
		41FD81182C92F05E004B4DAA /* ContentView.swift in Sources */ = {isa = PBXBuildFile; fileRef = 41FD81172C92F05E004B4DAA /* ContentView.swift */; };
		41FD811A2C92F060004B4DAA /* Assets.xcassets in Resources */ = {isa = PBXBuildFile; fileRef = 41FD81192C92F060004B4DAA /* Assets.xcassets */; };
		41FD811D2C92F060004B4DAA /* Preview Assets.xcassets in Resources */ = {isa = PBXBuildFile; fileRef = 41FD811C2C92F060004B4DAA /* Preview Assets.xcassets */; };
		41FD81252C92FD2C004B4DAA /* APIClient.swift in Sources */ = {isa = PBXBuildFile; fileRef = 41FD81242C92FD2C004B4DAA /* APIClient.swift */; };
		41FD81322C930906004B4DAA /* WelcomeView.swift in Sources */ = {isa = PBXBuildFile; fileRef = 41FD81312C930906004B4DAA /* WelcomeView.swift */; };
		41FD81382C930949004B4DAA /* ResultsView.swift in Sources */ = {isa = PBXBuildFile; fileRef = 41FD81372C930949004B4DAA /* ResultsView.swift */; };
		41FD813A2C93095E004B4DAA /* QuestionModel.swift in Sources */ = {isa = PBXBuildFile; fileRef = 41FD81392C93095E004B4DAA /* QuestionModel.swift */; };
/* End PBXBuildFile section */

/* Begin PBXFileReference section */
		410B4A8E2C936F06002D9E20 /* PublicVarsClass.swift */ = {isa = PBXFileReference; lastKnownFileType = sourcecode.swift; path = PublicVarsClass.swift; sourceTree = "<group>"; };
		410B4A922C93A076002D9E20 /* all.swift */ = {isa = PBXFileReference; lastKnownFileType = sourcecode.swift; path = all.swift; sourceTree = "<group>"; };
		410B4A942C93A090002D9E20 /* UIs.swift */ = {isa = PBXFileReference; lastKnownFileType = sourcecode.swift; path = UIs.swift; sourceTree = "<group>"; };
		410B4A962C942B85002D9E20 /* Functions.swift */ = {isa = PBXFileReference; lastKnownFileType = sourcecode.swift; path = Functions.swift; sourceTree = "<group>"; };
		41FD81122C92F05E004B4DAA /* Diabetes Risk Test App.app */ = {isa = PBXFileReference; explicitFileType = wrapper.application; includeInIndex = 0; path = "Diabetes Risk Test App.app"; sourceTree = BUILT_PRODUCTS_DIR; };
		41FD81152C92F05E004B4DAA /* DiabetesApp.swift */ = {isa = PBXFileReference; lastKnownFileType = sourcecode.swift; path = DiabetesApp.swift; sourceTree = "<group>"; };
		41FD81172C92F05E004B4DAA /* ContentView.swift */ = {isa = PBXFileReference; lastKnownFileType = sourcecode.swift; path = ContentView.swift; sourceTree = "<group>"; };
		41FD81192C92F060004B4DAA /* Assets.xcassets */ = {isa = PBXFileReference; lastKnownFileType = folder.assetcatalog; path = Assets.xcassets; sourceTree = "<group>"; };
		41FD811C2C92F060004B4DAA /* Preview Assets.xcassets */ = {isa = PBXFileReference; lastKnownFileType = folder.assetcatalog; path = "Preview Assets.xcassets"; sourceTree = "<group>"; };
		41FD81242C92FD2C004B4DAA /* APIClient.swift */ = {isa = PBXFileReference; lastKnownFileType = sourcecode.swift; path = APIClient.swift; sourceTree = "<group>"; };
		41FD81312C930906004B4DAA /* WelcomeView.swift */ = {isa = PBXFileReference; lastKnownFileType = sourcecode.swift; path = WelcomeView.swift; sourceTree = "<group>"; };
		41FD81372C930949004B4DAA /* ResultsView.swift */ = {isa = PBXFileReference; lastKnownFileType = sourcecode.swift; path = ResultsView.swift; sourceTree = "<group>"; };
		41FD81392C93095E004B4DAA /* QuestionModel.swift */ = {isa = PBXFileReference; lastKnownFileType = sourcecode.swift; path = QuestionModel.swift; sourceTree = "<group>"; };
/* End PBXFileReference section */

/* Begin PBXFrameworksBuildPhase section */
		41FD810F2C92F05E004B4DAA /* Frameworks */ = {
			isa = PBXFrameworksBuildPhase;
			buildActionMask = 2147483647;
			files = (
			);
			runOnlyForDeploymentPostprocessing = 0;
		};
/* End PBXFrameworksBuildPhase section */

/* Begin PBXGroup section */
		41FD81092C92F05E004B4DAA = {
			isa = PBXGroup;
			children = (
				41FD81142C92F05E004B4DAA /* Diabetes App */,
				41FD81132C92F05E004B4DAA /* Products */,
			);
			sourceTree = "<group>";
		};
		41FD81132C92F05E004B4DAA /* Products */ = {
			isa = PBXGroup;
			children = (
				41FD81122C92F05E004B4DAA /* Diabetes Risk Test App.app */,
			);
			name = Products;
			sourceTree = "<group>";
		};
		41FD81142C92F05E004B4DAA /* Diabetes App */ = {
			isa = PBXGroup;
			children = (
				41FD812F2C9308F0004B4DAA /* Views */,
				41FD81262C92FD31004B4DAA /* Models */,
				41FD81232C92FC0B004B4DAA /* Service */,
				41FD81152C92F05E004B4DAA /* DiabetesApp.swift */,
				41FD81172C92F05E004B4DAA /* ContentView.swift */,
				41FD81192C92F060004B4DAA /* Assets.xcassets */,
				41FD811B2C92F060004B4DAA /* Preview Content */,
			);
			path = "Diabetes App";
			sourceTree = "<group>";
		};
		41FD811B2C92F060004B4DAA /* Preview Content */ = {
			isa = PBXGroup;
			children = (
				41FD811C2C92F060004B4DAA /* Preview Assets.xcassets */,
			);
			path = "Preview Content";
			sourceTree = "<group>";
		};
		41FD81232C92FC0B004B4DAA /* Service */ = {
			isa = PBXGroup;
			children = (
				41FD81242C92FD2C004B4DAA /* APIClient.swift */,
			);
			path = Service;
			sourceTree = "<group>";
		};
		41FD81262C92FD31004B4DAA /* Models */ = {
			isa = PBXGroup;
			children = (
				41FD81392C93095E004B4DAA /* QuestionModel.swift */,
			);
			path = Models;
			sourceTree = "<group>";
		};
		41FD812F2C9308F0004B4DAA /* Views */ = {
			isa = PBXGroup;
			children = (
				41FD81312C930906004B4DAA /* WelcomeView.swift */,
				41FD81372C930949004B4DAA /* ResultsView.swift */,
				410B4A8E2C936F06002D9E20 /* PublicVarsClass.swift */,
				410B4A922C93A076002D9E20 /* all.swift */,
				410B4A942C93A090002D9E20 /* UIs.swift */,
				410B4A962C942B85002D9E20 /* Functions.swift */,
			);
			path = Views;
			sourceTree = "<group>";
		};
/* End PBXGroup section */

/* Begin PBXNativeTarget section */
		41FD81112C92F05E004B4DAA /* Diabetes Risk Test App */ = {
			isa = PBXNativeTarget;
			buildConfigurationList = 41FD81202C92F060004B4DAA /* Build configuration list for PBXNativeTarget "Diabetes Risk Test App" */;
			buildPhases = (
				41FD810E2C92F05E004B4DAA /* Sources */,
				41FD810F2C92F05E004B4DAA /* Frameworks */,
				41FD81102C92F05E004B4DAA /* Resources */,
			);
			buildRules = (
			);
			dependencies = (
			);
			name = "Diabetes Risk Test App";
			productName = Tutorial;
			productReference = 41FD81122C92F05E004B4DAA /* Diabetes Risk Test App.app */;
			productType = "com.apple.product-type.application";
		};
/* End PBXNativeTarget section */

/* Begin PBXProject section */
		41FD810A2C92F05E004B4DAA /* Project object */ = {
			isa = PBXProject;
			attributes = {
				BuildIndependentTargetsInParallel = 1;
				LastSwiftUpdateCheck = 1540;
				LastUpgradeCheck = 1540;
				TargetAttributes = {
					41FD81112C92F05E004B4DAA = {
						CreatedOnToolsVersion = 15.4;
					};
				};
			};
			buildConfigurationList = 41FD810D2C92F05E004B4DAA /* Build configuration list for PBXProject "Diabetes Risk Test App" */;
			compatibilityVersion = "Xcode 14.0";
			developmentRegion = en;
			hasScannedForEncodings = 0;
			knownRegions = (
				en,
				Base,
			);
			mainGroup = 41FD81092C92F05E004B4DAA;
			productRefGroup = 41FD81132C92F05E004B4DAA /* Products */;
			projectDirPath = "";
			projectRoot = "";
			targets = (
				41FD81112C92F05E004B4DAA /* Diabetes Risk Test App */,
			);
		};
/* End PBXProject section */

/* Begin PBXResourcesBuildPhase section */
		41FD81102C92F05E004B4DAA /* Resources */ = {
			isa = PBXResourcesBuildPhase;
			buildActionMask = 2147483647;
			files = (
				41FD811D2C92F060004B4DAA /* Preview Assets.xcassets in Resources */,
				41FD811A2C92F060004B4DAA /* Assets.xcassets in Resources */,
			);
			runOnlyForDeploymentPostprocessing = 0;
		};
/* End PBXResourcesBuildPhase section */

/* Begin PBXSourcesBuildPhase section */
		41FD810E2C92F05E004B4DAA /* Sources */ = {
			isa = PBXSourcesBuildPhase;
			buildActionMask = 2147483647;
			files = (
				41FD81182C92F05E004B4DAA /* ContentView.swift in Sources */,
				410B4A932C93A076002D9E20 /* all.swift in Sources */,
				41FD81382C930949004B4DAA /* ResultsView.swift in Sources */,
				410B4A972C942B85002D9E20 /* Functions.swift in Sources */,
				41FD81162C92F05E004B4DAA /* DiabetesApp.swift in Sources */,
				41FD81252C92FD2C004B4DAA /* APIClient.swift in Sources */,
				410B4A8F2C936F06002D9E20 /* PublicVarsClass.swift in Sources */,
				410B4A952C93A090002D9E20 /* UIs.swift in Sources */,
				41FD81322C930906004B4DAA /* WelcomeView.swift in Sources */,
				41FD813A2C93095E004B4DAA /* QuestionModel.swift in Sources */,
			);
			runOnlyForDeploymentPostprocessing = 0;
		};
/* End PBXSourcesBuildPhase section */

/* Begin XCBuildConfiguration section */
		41FD811E2C92F060004B4DAA /* Debug */ = {
			isa = XCBuildConfiguration;
			buildSettings = {
				ALWAYS_SEARCH_USER_PATHS = NO;
				ASSETCATALOG_COMPILER_GENERATE_SWIFT_ASSET_SYMBOL_EXTENSIONS = YES;
				CLANG_ANALYZER_NONNULL = YES;
				CLANG_ANALYZER_NUMBER_OBJECT_CONVERSION = YES_AGGRESSIVE;
				CLANG_CXX_LANGUAGE_STANDARD = "gnu++20";
				CLANG_ENABLE_MODULES = YES;
				CLANG_ENABLE_OBJC_ARC = YES;
				CLANG_ENABLE_OBJC_WEAK = YES;
				CLANG_WARN_BLOCK_CAPTURE_AUTORELEASING = YES;
				CLANG_WARN_BOOL_CONVERSION = YES;
				CLANG_WARN_COMMA = YES;
				CLANG_WARN_CONSTANT_CONVERSION = YES;
				CLANG_WARN_DEPRECATED_OBJC_IMPLEMENTATIONS = YES;
				CLANG_WARN_DIRECT_OBJC_ISA_USAGE = YES_ERROR;
				CLANG_WARN_DOCUMENTATION_COMMENTS = YES;
				CLANG_WARN_EMPTY_BODY = YES;
				CLANG_WARN_ENUM_CONVERSION = YES;
				CLANG_WARN_INFINITE_RECURSION = YES;
				CLANG_WARN_INT_CONVERSION = YES;
				CLANG_WARN_NON_LITERAL_NULL_CONVERSION = YES;
				CLANG_WARN_OBJC_IMPLICIT_RETAIN_SELF = YES;
				CLANG_WARN_OBJC_LITERAL_CONVERSION = YES;
				CLANG_WARN_OBJC_ROOT_CLASS = YES_ERROR;
				CLANG_WARN_QUOTED_INCLUDE_IN_FRAMEWORK_HEADER = YES;
				CLANG_WARN_RANGE_LOOP_ANALYSIS = YES;
				CLANG_WARN_STRICT_PROTOTYPES = YES;
				CLANG_WARN_SUSPICIOUS_MOVE = YES;
				CLANG_WARN_UNGUARDED_AVAILABILITY = YES_AGGRESSIVE;
				CLANG_WARN_UNREACHABLE_CODE = YES;
				CLANG_WARN__DUPLICATE_METHOD_MATCH = YES;
				COPY_PHASE_STRIP = NO;
				DEBUG_INFORMATION_FORMAT = dwarf;
				ENABLE_STRICT_OBJC_MSGSEND = YES;
				ENABLE_TESTABILITY = YES;
				ENABLE_USER_SCRIPT_SANDBOXING = YES;
				GCC_C_LANGUAGE_STANDARD = gnu17;
				GCC_DYNAMIC_NO_PIC = NO;
				GCC_NO_COMMON_BLOCKS = YES;
				GCC_OPTIMIZATION_LEVEL = 0;
				GCC_PREPROCESSOR_DEFINITIONS = (
					"DEBUG=1",
					"$(inherited)",
				);
				GCC_WARN_64_TO_32_BIT_CONVERSION = YES;
				GCC_WARN_ABOUT_RETURN_TYPE = YES_ERROR;
				GCC_WARN_UNDECLARED_SELECTOR = YES;
				GCC_WARN_UNINITIALIZED_AUTOS = YES_AGGRESSIVE;
				GCC_WARN_UNUSED_FUNCTION = YES;
				GCC_WARN_UNUSED_VARIABLE = YES;
				IPHONEOS_DEPLOYMENT_TARGET = 17.5;
				LOCALIZATION_PREFERS_STRING_CATALOGS = YES;
				MTL_ENABLE_DEBUG_INFO = INCLUDE_SOURCE;
				MTL_FAST_MATH = YES;
				ONLY_ACTIVE_ARCH = YES;
				SDKROOT = iphoneos;
				SWIFT_ACTIVE_COMPILATION_CONDITIONS = "DEBUG $(inherited)";
				SWIFT_OPTIMIZATION_LEVEL = "-Onone";
			};
			name = Debug;
		};
		41FD811F2C92F060004B4DAA /* Release */ = {
			isa = XCBuildConfiguration;
			buildSettings = {
				ALWAYS_SEARCH_USER_PATHS = NO;
				ASSETCATALOG_COMPILER_GENERATE_SWIFT_ASSET_SYMBOL_EXTENSIONS = YES;
				CLANG_ANALYZER_NONNULL = YES;
				CLANG_ANALYZER_NUMBER_OBJECT_CONVERSION = YES_AGGRESSIVE;
				CLANG_CXX_LANGUAGE_STANDARD = "gnu++20";
				CLANG_ENABLE_MODULES = YES;
				CLANG_ENABLE_OBJC_ARC = YES;
				CLANG_ENABLE_OBJC_WEAK = YES;
				CLANG_WARN_BLOCK_CAPTURE_AUTORELEASING = YES;
				CLANG_WARN_BOOL_CONVERSION = YES;
				CLANG_WARN_COMMA = YES;
				CLANG_WARN_CONSTANT_CONVERSION = YES;
				CLANG_WARN_DEPRECATED_OBJC_IMPLEMENTATIONS = YES;
				CLANG_WARN_DIRECT_OBJC_ISA_USAGE = YES_ERROR;
				CLANG_WARN_DOCUMENTATION_COMMENTS = YES;
				CLANG_WARN_EMPTY_BODY = YES;
				CLANG_WARN_ENUM_CONVERSION = YES;
				CLANG_WARN_INFINITE_RECURSION = YES;
				CLANG_WARN_INT_CONVERSION = YES;
				CLANG_WARN_NON_LITERAL_NULL_CONVERSION = YES;
				CLANG_WARN_OBJC_IMPLICIT_RETAIN_SELF = YES;
				CLANG_WARN_OBJC_LITERAL_CONVERSION = YES;
				CLANG_WARN_OBJC_ROOT_CLASS = YES_ERROR;
				CLANG_WARN_QUOTED_INCLUDE_IN_FRAMEWORK_HEADER = YES;
				CLANG_WARN_RANGE_LOOP_ANALYSIS = YES;
				CLANG_WARN_STRICT_PROTOTYPES = YES;
				CLANG_WARN_SUSPICIOUS_MOVE = YES;
				CLANG_WARN_UNGUARDED_AVAILABILITY = YES_AGGRESSIVE;
				CLANG_WARN_UNREACHABLE_CODE = YES;
				CLANG_WARN__DUPLICATE_METHOD_MATCH = YES;
				COPY_PHASE_STRIP = NO;
				DEBUG_INFORMATION_FORMAT = "dwarf-with-dsym";
				ENABLE_NS_ASSERTIONS = NO;
				ENABLE_STRICT_OBJC_MSGSEND = YES;
				ENABLE_USER_SCRIPT_SANDBOXING = YES;
				GCC_C_LANGUAGE_STANDARD = gnu17;
				GCC_NO_COMMON_BLOCKS = YES;
				GCC_WARN_64_TO_32_BIT_CONVERSION = YES;
				GCC_WARN_ABOUT_RETURN_TYPE = YES_ERROR;
				GCC_WARN_UNDECLARED_SELECTOR = YES;
				GCC_WARN_UNINITIALIZED_AUTOS = YES_AGGRESSIVE;
				GCC_WARN_UNUSED_FUNCTION = YES;
				GCC_WARN_UNUSED_VARIABLE = YES;
				IPHONEOS_DEPLOYMENT_TARGET = 17.5;
				LOCALIZATION_PREFERS_STRING_CATALOGS = YES;
				MTL_ENABLE_DEBUG_INFO = NO;
				MTL_FAST_MATH = YES;
				SDKROOT = iphoneos;
				SWIFT_COMPILATION_MODE = wholemodule;
				VALIDATE_PRODUCT = YES;
			};
			name = Release;
		};
		41FD81212C92F060004B4DAA /* Debug */ = {
			isa = XCBuildConfiguration;
			buildSettings = {
				ASSETCATALOG_COMPILER_APPICON_NAME = AppIcon;
				ASSETCATALOG_COMPILER_GLOBAL_ACCENT_COLOR_NAME = AccentColor;
				CODE_SIGN_STYLE = Automatic;
				CURRENT_PROJECT_VERSION = 1;
				DEVELOPMENT_ASSET_PATHS = "\"Tutorial/Preview Content\"";
				ENABLE_PREVIEWS = YES;
				GENERATE_INFOPLIST_FILE = YES;
				INFOPLIST_KEY_UIApplicationSceneManifest_Generation = YES;
				INFOPLIST_KEY_UIApplicationSupportsIndirectInputEvents = YES;
				INFOPLIST_KEY_UILaunchScreen_Generation = YES;
				INFOPLIST_KEY_UISupportedInterfaceOrientations_iPad = "UIInterfaceOrientationPortrait UIInterfaceOrientationPortraitUpsideDown UIInterfaceOrientationLandscapeLeft UIInterfaceOrientationLandscapeRight";
				INFOPLIST_KEY_UISupportedInterfaceOrientations_iPhone = "UIInterfaceOrientationPortrait UIInterfaceOrientationLandscapeLeft UIInterfaceOrientationLandscapeRight";
				LD_RUNPATH_SEARCH_PATHS = (
					"$(inherited)",
					"@executable_path/Frameworks",
				);
				MARKETING_VERSION = 1.0;
				PRODUCT_BUNDLE_IDENTIFIER = My.Tutorial;
				PRODUCT_NAME = "$(TARGET_NAME)";
				SWIFT_EMIT_LOC_STRINGS = YES;
				SWIFT_VERSION = 5.0;
				TARGETED_DEVICE_FAMILY = "1,2";
			};
			name = Debug;
		};
		41FD81222C92F060004B4DAA /* Release */ = {
			isa = XCBuildConfiguration;
			buildSettings = {
				ASSETCATALOG_COMPILER_APPICON_NAME = AppIcon;
				ASSETCATALOG_COMPILER_GLOBAL_ACCENT_COLOR_NAME = AccentColor;
				CODE_SIGN_STYLE = Automatic;
				CURRENT_PROJECT_VERSION = 1;
				DEVELOPMENT_ASSET_PATHS = "\"Tutorial/Preview Content\"";
				ENABLE_PREVIEWS = YES;
				GENERATE_INFOPLIST_FILE = YES;
				INFOPLIST_KEY_UIApplicationSceneManifest_Generation = YES;
				INFOPLIST_KEY_UIApplicationSupportsIndirectInputEvents = YES;
				INFOPLIST_KEY_UILaunchScreen_Generation = YES;
				INFOPLIST_KEY_UISupportedInterfaceOrientations_iPad = "UIInterfaceOrientationPortrait UIInterfaceOrientationPortraitUpsideDown UIInterfaceOrientationLandscapeLeft UIInterfaceOrientationLandscapeRight";
				INFOPLIST_KEY_UISupportedInterfaceOrientations_iPhone = "UIInterfaceOrientationPortrait UIInterfaceOrientationLandscapeLeft UIInterfaceOrientationLandscapeRight";
				LD_RUNPATH_SEARCH_PATHS = (
					"$(inherited)",
					"@executable_path/Frameworks",
				);
				MARKETING_VERSION = 1.0;
				PRODUCT_BUNDLE_IDENTIFIER = My.Tutorial;
				PRODUCT_NAME = "$(TARGET_NAME)";
				SWIFT_EMIT_LOC_STRINGS = YES;
				SWIFT_VERSION = 5.0;
				TARGETED_DEVICE_FAMILY = "1,2";
			};
			name = Release;
		};
/* End XCBuildConfiguration section */

/* Begin XCConfigurationList section */
		41FD810D2C92F05E004B4DAA /* Build configuration list for PBXProject "Diabetes Risk Test App" */ = {
			isa = XCConfigurationList;
			buildConfigurations = (
				41FD811E2C92F060004B4DAA /* Debug */,
				41FD811F2C92F060004B4DAA /* Release */,
			);
			defaultConfigurationIsVisible = 0;
			defaultConfigurationName = Release;
		};
		41FD81202C92F060004B4DAA /* Build configuration list for PBXNativeTarget "Diabetes Risk Test App" */ = {
			isa = XCConfigurationList;
			buildConfigurations = (
				41FD81212C92F060004B4DAA /* Debug */,
				41FD81222C92F060004B4DAA /* Release */,
			);
			defaultConfigurationIsVisible = 0;
			defaultConfigurationName = Release;
		};
/* End XCConfigurationList section */
	};
	rootObject = 41FD810A2C92F05E004B4DAA /* Project object */;
}
